// !$*UTF8*$!
{
	archiveVersion = 1;
	classes = {
	};
	objectVersion = 50;
	objects = {

/* Begin PBXBuildFile section */
		631AC0E624B46A8900B8C784 /* SelectedImageView.swift in Sources */ = {isa = PBXBuildFile; fileRef = 631AC0E524B46A8900B8C784 /* SelectedImageView.swift */; };
		635B95A524B05F6A00881153 /* AppDelegate.swift in Sources */ = {isa = PBXBuildFile; fileRef = 635B95A424B05F6A00881153 /* AppDelegate.swift */; };
		635B95A724B05F6A00881153 /* SceneDelegate.swift in Sources */ = {isa = PBXBuildFile; fileRef = 635B95A624B05F6A00881153 /* SceneDelegate.swift */; };
		635B95A924B05F6A00881153 /* ContentView.swift in Sources */ = {isa = PBXBuildFile; fileRef = 635B95A824B05F6A00881153 /* ContentView.swift */; };
		635B95AB24B05F6B00881153 /* Assets.xcassets in Resources */ = {isa = PBXBuildFile; fileRef = 635B95AA24B05F6B00881153 /* Assets.xcassets */; };
		635B95AE24B05F6B00881153 /* Preview Assets.xcassets in Resources */ = {isa = PBXBuildFile; fileRef = 635B95AD24B05F6B00881153 /* Preview Assets.xcassets */; };
		635B95B124B05F6B00881153 /* LaunchScreen.storyboard in Resources */ = {isa = PBXBuildFile; fileRef = 635B95AF24B05F6B00881153 /* LaunchScreen.storyboard */; };
		637016D524B2050500F09070 /* OrderRowView.swift in Sources */ = {isa = PBXBuildFile; fileRef = 637016D424B2050500F09070 /* OrderRowView.swift */; };
		637016D724B205AE00F09070 /* MenuRowVue.swift in Sources */ = {isa = PBXBuildFile; fileRef = 637016D624B205AE00F09070 /* MenuRowVue.swift */; };
		637016D924B2064E00F09070 /* RatingsView.swift in Sources */ = {isa = PBXBuildFile; fileRef = 637016D824B2064E00F09070 /* RatingsView.swift */; };
		637016DB24B2073200F09070 /* PageTitleView.swift in Sources */ = {isa = PBXBuildFile; fileRef = 637016DA24B2073200F09070 /* PageTitleView.swift */; };
		6376C31924B3790200086C45 /* ListHeaderView.swift in Sources */ = {isa = PBXBuildFile; fileRef = 6376C31824B3790200086C45 /* ListHeaderView.swift */; };
		63DC101024B21DE8002A2FA3 /* HistoryListView.swift in Sources */ = {isa = PBXBuildFile; fileRef = 63DC100F24B21DE8002A2FA3 /* HistoryListView.swift */; };
		63DC101224B22062002A2FA3 /* HistoryRowView.swift in Sources */ = {isa = PBXBuildFile; fileRef = 63DC101124B22062002A2FA3 /* HistoryRowView.swift */; };
		63DC101424B22350002A2FA3 /* HistoryView.swift in Sources */ = {isa = PBXBuildFile; fileRef = 63DC101324B22350002A2FA3 /* HistoryView.swift */; };
		63DF2C9D24B1BC970086B943 /* OrderListView.swift in Sources */ = {isa = PBXBuildFile; fileRef = 63DF2C9C24B1BC970086B943 /* OrderListView.swift */; };
		63DF2C9F24B1BD600086B943 /* MenuListView.swift in Sources */ = {isa = PBXBuildFile; fileRef = 63DF2C9E24B1BD600086B943 /* MenuListView.swift */; };
		63DF2CA124B1BE280086B943 /* ContentHeaderView.swift in Sources */ = {isa = PBXBuildFile; fileRef = 63DF2CA024B1BE280086B943 /* ContentHeaderView.swift */; };
/* End PBXBuildFile section */

/* Begin PBXFileReference section */
		631AC0E524B46A8900B8C784 /* SelectedImageView.swift */ = {isa = PBXFileReference; lastKnownFileType = sourcecode.swift; path = SelectedImageView.swift; sourceTree = "<group>"; };
		635B95A124B05F6A00881153 /* Pizza.app */ = {isa = PBXFileReference; explicitFileType = wrapper.application; includeInIndex = 0; path = Pizza.app; sourceTree = BUILT_PRODUCTS_DIR; };
		635B95A424B05F6A00881153 /* AppDelegate.swift */ = {isa = PBXFileReference; lastKnownFileType = sourcecode.swift; path = AppDelegate.swift; sourceTree = "<group>"; };
		635B95A624B05F6A00881153 /* SceneDelegate.swift */ = {isa = PBXFileReference; lastKnownFileType = sourcecode.swift; path = SceneDelegate.swift; sourceTree = "<group>"; };
		635B95A824B05F6A00881153 /* ContentView.swift */ = {isa = PBXFileReference; lastKnownFileType = sourcecode.swift; path = ContentView.swift; sourceTree = "<group>"; };
		635B95AA24B05F6B00881153 /* Assets.xcassets */ = {isa = PBXFileReference; lastKnownFileType = folder.assetcatalog; path = Assets.xcassets; sourceTree = "<group>"; };
		635B95AD24B05F6B00881153 /* Preview Assets.xcassets */ = {isa = PBXFileReference; lastKnownFileType = folder.assetcatalog; path = "Preview Assets.xcassets"; sourceTree = "<group>"; };
		635B95B024B05F6B00881153 /* Base */ = {isa = PBXFileReference; lastKnownFileType = file.storyboard; name = Base; path = Base.lproj/LaunchScreen.storyboard; sourceTree = "<group>"; };
		635B95B224B05F6B00881153 /* Info.plist */ = {isa = PBXFileReference; lastKnownFileType = text.plist.xml; path = Info.plist; sourceTree = "<group>"; };
		637016D424B2050500F09070 /* OrderRowView.swift */ = {isa = PBXFileReference; lastKnownFileType = sourcecode.swift; path = OrderRowView.swift; sourceTree = "<group>"; };
		637016D624B205AE00F09070 /* MenuRowVue.swift */ = {isa = PBXFileReference; lastKnownFileType = sourcecode.swift; path = MenuRowVue.swift; sourceTree = "<group>"; };
		637016D824B2064E00F09070 /* RatingsView.swift */ = {isa = PBXFileReference; lastKnownFileType = sourcecode.swift; path = RatingsView.swift; sourceTree = "<group>"; };
		637016DA24B2073200F09070 /* PageTitleView.swift */ = {isa = PBXFileReference; lastKnownFileType = sourcecode.swift; path = PageTitleView.swift; sourceTree = "<group>"; };
		6376C31824B3790200086C45 /* ListHeaderView.swift */ = {isa = PBXFileReference; lastKnownFileType = sourcecode.swift; name = ListHeaderView.swift; path = MenuView/ListHeaderView.swift; sourceTree = "<group>"; };
		63DC100F24B21DE8002A2FA3 /* HistoryListView.swift */ = {isa = PBXFileReference; lastKnownFileType = sourcecode.swift; path = HistoryListView.swift; sourceTree = "<group>"; };
		63DC101124B22062002A2FA3 /* HistoryRowView.swift */ = {isa = PBXFileReference; lastKnownFileType = sourcecode.swift; path = HistoryRowView.swift; sourceTree = "<group>"; };
		63DC101324B22350002A2FA3 /* HistoryView.swift */ = {isa = PBXFileReference; lastKnownFileType = sourcecode.swift; path = HistoryView.swift; sourceTree = "<group>"; };
		63DF2C9C24B1BC970086B943 /* OrderListView.swift */ = {isa = PBXFileReference; lastKnownFileType = sourcecode.swift; path = OrderListView.swift; sourceTree = "<group>"; };
		63DF2C9E24B1BD600086B943 /* MenuListView.swift */ = {isa = PBXFileReference; lastKnownFileType = sourcecode.swift; path = MenuListView.swift; sourceTree = "<group>"; };
		63DF2CA024B1BE280086B943 /* ContentHeaderView.swift */ = {isa = PBXFileReference; lastKnownFileType = sourcecode.swift; path = ContentHeaderView.swift; sourceTree = "<group>"; };
/* End PBXFileReference section */

/* Begin PBXFrameworksBuildPhase section */
		635B959E24B05F6A00881153 /* Frameworks */ = {
			isa = PBXFrameworksBuildPhase;
			buildActionMask = 2147483647;
			files = (
			);
			runOnlyForDeploymentPostprocessing = 0;
		};
/* End PBXFrameworksBuildPhase section */

/* Begin PBXGroup section */
		635B959824B05F6A00881153 = {
			isa = PBXGroup;
			children = (
				635B95A324B05F6A00881153 /* Pizza */,
				635B95A224B05F6A00881153 /* Products */,
			);
			sourceTree = "<group>";
		};
		635B95A224B05F6A00881153 /* Products */ = {
			isa = PBXGroup;
			children = (
				635B95A124B05F6A00881153 /* Pizza.app */,
			);
			name = Products;
			sourceTree = "<group>";
		};
		635B95A324B05F6A00881153 /* Pizza */ = {
			isa = PBXGroup;
			children = (
				635B95A824B05F6A00881153 /* ContentView.swift */,
				63DF2CA024B1BE280086B943 /* ContentHeaderView.swift */,
				6376C31824B3790200086C45 /* ListHeaderView.swift */,
				637016DA24B2073200F09070 /* PageTitleView.swift */,
				631AC0E524B46A8900B8C784 /* SelectedImageView.swift */,
				63DF2C9B24B1BC270086B943 /* OrderView */,
				63DF2C9A24B1BC170086B943 /* MenuView */,
				63DF2C9924B1BC0E0086B943 /* Model */,
				63DF2C9824B1BBF90086B943 /* HistoryView */,
				635B95A424B05F6A00881153 /* AppDelegate.swift */,
				635B95A624B05F6A00881153 /* SceneDelegate.swift */,
				635B95AA24B05F6B00881153 /* Assets.xcassets */,
				635B95AF24B05F6B00881153 /* LaunchScreen.storyboard */,
				635B95B224B05F6B00881153 /* Info.plist */,
				635B95AC24B05F6B00881153 /* Preview Content */,
			);
			path = Pizza;
			sourceTree = "<group>";
		};
		635B95AC24B05F6B00881153 /* Preview Content */ = {
			isa = PBXGroup;
			children = (
				635B95AD24B05F6B00881153 /* Preview Assets.xcassets */,
			);
			path = "Preview Content";
			sourceTree = "<group>";
		};
		63DF2C9824B1BBF90086B943 /* HistoryView */ = {
			isa = PBXGroup;
			children = (
				63DC101324B22350002A2FA3 /* HistoryView.swift */,
				63DC100F24B21DE8002A2FA3 /* HistoryListView.swift */,
				63DC101124B22062002A2FA3 /* HistoryRowView.swift */,
			);
			path = HistoryView;
			sourceTree = "<group>";
		};
		63DF2C9924B1BC0E0086B943 /* Model */ = {
			isa = PBXGroup;
			children = (
			);
			path = Model;
			sourceTree = "<group>";
		};
		63DF2C9A24B1BC170086B943 /* MenuView */ = {
			isa = PBXGroup;
			children = (
				63DF2C9E24B1BD600086B943 /* MenuListView.swift */,
				637016D624B205AE00F09070 /* MenuRowVue.swift */,
				637016D824B2064E00F09070 /* RatingsView.swift */,
			);
			path = MenuView;
			sourceTree = "<group>";
		};
		63DF2C9B24B1BC270086B943 /* OrderView */ = {
			isa = PBXGroup;
			children = (
				63DF2C9C24B1BC970086B943 /* OrderListView.swift */,
				637016D424B2050500F09070 /* OrderRowView.swift */,
			);
			path = OrderView;
			sourceTree = "<group>";
		};
/* End PBXGroup section */

/* Begin PBXNativeTarget section */
		635B95A024B05F6A00881153 /* Pizza */ = {
			isa = PBXNativeTarget;
			buildConfigurationList = 635B95B524B05F6B00881153 /* Build configuration list for PBXNativeTarget "Pizza" */;
			buildPhases = (
				635B959D24B05F6A00881153 /* Sources */,
				635B959E24B05F6A00881153 /* Frameworks */,
				635B959F24B05F6A00881153 /* Resources */,
			);
			buildRules = (
			);
			dependencies = (
			);
			name = Pizza;
			productName = Pizza;
			productReference = 635B95A124B05F6A00881153 /* Pizza.app */;
			productType = "com.apple.product-type.application";
		};
/* End PBXNativeTarget section */

/* Begin PBXProject section */
		635B959924B05F6A00881153 /* Project object */ = {
			isa = PBXProject;
			attributes = {
				LastSwiftUpdateCheck = 1150;
				LastUpgradeCheck = 1150;
				ORGANIZATIONNAME = "Didier Delhaisse";
				TargetAttributes = {
					635B95A024B05F6A00881153 = {
						CreatedOnToolsVersion = 11.5;
					};
				};
			};
			buildConfigurationList = 635B959C24B05F6A00881153 /* Build configuration list for PBXProject "Pizza" */;
			compatibilityVersion = "Xcode 9.3";
			developmentRegion = en;
			hasScannedForEncodings = 0;
			knownRegions = (
				en,
				Base,
			);
			mainGroup = 635B959824B05F6A00881153;
			productRefGroup = 635B95A224B05F6A00881153 /* Products */;
			projectDirPath = "";
			projectRoot = "";
			targets = (
				635B95A024B05F6A00881153 /* Pizza */,
			);
		};
/* End PBXProject section */

/* Begin PBXResourcesBuildPhase section */
		635B959F24B05F6A00881153 /* Resources */ = {
			isa = PBXResourcesBuildPhase;
			buildActionMask = 2147483647;
			files = (
				635B95B124B05F6B00881153 /* LaunchScreen.storyboard in Resources */,
				635B95AE24B05F6B00881153 /* Preview Assets.xcassets in Resources */,
				635B95AB24B05F6B00881153 /* Assets.xcassets in Resources */,
			);
			runOnlyForDeploymentPostprocessing = 0;
		};
/* End PBXResourcesBuildPhase section */

/* Begin PBXSourcesBuildPhase section */
		635B959D24B05F6A00881153 /* Sources */ = {
			isa = PBXSourcesBuildPhase;
			buildActionMask = 2147483647;
			files = (
				63DC101224B22062002A2FA3 /* HistoryRowView.swift in Sources */,
				637016D724B205AE00F09070 /* MenuRowVue.swift in Sources */,
				635B95A524B05F6A00881153 /* AppDelegate.swift in Sources */,
				637016DB24B2073200F09070 /* PageTitleView.swift in Sources */,
				63DC101424B22350002A2FA3 /* HistoryView.swift in Sources */,
				63DF2C9F24B1BD600086B943 /* MenuListView.swift in Sources */,
				63DF2C9D24B1BC970086B943 /* OrderListView.swift in Sources */,
				631AC0E624B46A8900B8C784 /* SelectedImageView.swift in Sources */,
				6376C31924B3790200086C45 /* ListHeaderView.swift in Sources */,
				637016D924B2064E00F09070 /* RatingsView.swift in Sources */,
				63DF2CA124B1BE280086B943 /* ContentHeaderView.swift in Sources */,
				635B95A724B05F6A00881153 /* SceneDelegate.swift in Sources */,
				63DC101024B21DE8002A2FA3 /* HistoryListView.swift in Sources */,
				637016D524B2050500F09070 /* OrderRowView.swift in Sources */,
				635B95A924B05F6A00881153 /* ContentView.swift in Sources */,
			);
			runOnlyForDeploymentPostprocessing = 0;
		};
/* End PBXSourcesBuildPhase section */

/* Begin PBXVariantGroup section */
		635B95AF24B05F6B00881153 /* LaunchScreen.storyboard */ = {
			isa = PBXVariantGroup;
			children = (
				635B95B024B05F6B00881153 /* Base */,
			);
			name = LaunchScreen.storyboard;
			sourceTree = "<group>";
		};
/* End PBXVariantGroup section */

/* Begin XCBuildConfiguration section */
		635B95B324B05F6B00881153 /* Debug */ = {
			isa = XCBuildConfiguration;
			buildSettings = {
				ALWAYS_SEARCH_USER_PATHS = NO;
				CLANG_ANALYZER_NONNULL = YES;
				CLANG_ANALYZER_NUMBER_OBJECT_CONVERSION = YES_AGGRESSIVE;
				CLANG_CXX_LANGUAGE_STANDARD = "gnu++14";
				CLANG_CXX_LIBRARY = "libc++";
				CLANG_ENABLE_MODULES = YES;
				CLANG_ENABLE_OBJC_ARC = YES;
				CLANG_ENABLE_OBJC_WEAK = YES;
				CLANG_WARN_BLOCK_CAPTURE_AUTORELEASING = YES;
				CLANG_WARN_BOOL_CONVERSION = YES;
				CLANG_WARN_COMMA = YES;
				CLANG_WARN_CONSTANT_CONVERSION = YES;
				CLANG_WARN_DEPRECATED_OBJC_IMPLEMENTATIONS = YES;
				CLANG_WARN_DIRECT_OBJC_ISA_USAGE = YES_ERROR;
				CLANG_WARN_DOCUMENTATION_COMMENTS = YES;
				CLANG_WARN_EMPTY_BODY = YES;
				CLANG_WARN_ENUM_CONVERSION = YES;
				CLANG_WARN_INFINITE_RECURSION = YES;
				CLANG_WARN_INT_CONVERSION = YES;
				CLANG_WARN_NON_LITERAL_NULL_CONVERSION = YES;
				CLANG_WARN_OBJC_IMPLICIT_RETAIN_SELF = YES;
				CLANG_WARN_OBJC_LITERAL_CONVERSION = YES;
				CLANG_WARN_OBJC_ROOT_CLASS = YES_ERROR;
				CLANG_WARN_RANGE_LOOP_ANALYSIS = YES;
				CLANG_WARN_STRICT_PROTOTYPES = YES;
				CLANG_WARN_SUSPICIOUS_MOVE = YES;
				CLANG_WARN_UNGUARDED_AVAILABILITY = YES_AGGRESSIVE;
				CLANG_WARN_UNREACHABLE_CODE = YES;
				CLANG_WARN__DUPLICATE_METHOD_MATCH = YES;
				COPY_PHASE_STRIP = NO;
				DEBUG_INFORMATION_FORMAT = dwarf;
				ENABLE_STRICT_OBJC_MSGSEND = YES;
				ENABLE_TESTABILITY = YES;
				GCC_C_LANGUAGE_STANDARD = gnu11;
				GCC_DYNAMIC_NO_PIC = NO;
				GCC_NO_COMMON_BLOCKS = YES;
				GCC_OPTIMIZATION_LEVEL = 0;
				GCC_PREPROCESSOR_DEFINITIONS = (
					"DEBUG=1",
					"$(inherited)",
				);
				GCC_WARN_64_TO_32_BIT_CONVERSION = YES;
				GCC_WARN_ABOUT_RETURN_TYPE = YES_ERROR;
				GCC_WARN_UNDECLARED_SELECTOR = YES;
				GCC_WARN_UNINITIALIZED_AUTOS = YES_AGGRESSIVE;
				GCC_WARN_UNUSED_FUNCTION = YES;
				GCC_WARN_UNUSED_VARIABLE = YES;
				IPHONEOS_DEPLOYMENT_TARGET = 13.5;
				MTL_ENABLE_DEBUG_INFO = INCLUDE_SOURCE;
				MTL_FAST_MATH = YES;
				ONLY_ACTIVE_ARCH = YES;
				SDKROOT = iphoneos;
				SWIFT_ACTIVE_COMPILATION_CONDITIONS = DEBUG;
				SWIFT_OPTIMIZATION_LEVEL = "-Onone";
			};
			name = Debug;
		};
		635B95B424B05F6B00881153 /* Release */ = {
			isa = XCBuildConfiguration;
			buildSettings = {
				ALWAYS_SEARCH_USER_PATHS = NO;
				CLANG_ANALYZER_NONNULL = YES;
				CLANG_ANALYZER_NUMBER_OBJECT_CONVERSION = YES_AGGRESSIVE;
				CLANG_CXX_LANGUAGE_STANDARD = "gnu++14";
				CLANG_CXX_LIBRARY = "libc++";
				CLANG_ENABLE_MODULES = YES;
				CLANG_ENABLE_OBJC_ARC = YES;
				CLANG_ENABLE_OBJC_WEAK = YES;
				CLANG_WARN_BLOCK_CAPTURE_AUTORELEASING = YES;
				CLANG_WARN_BOOL_CONVERSION = YES;
				CLANG_WARN_COMMA = YES;
				CLANG_WARN_CONSTANT_CONVERSION = YES;
				CLANG_WARN_DEPRECATED_OBJC_IMPLEMENTATIONS = YES;
				CLANG_WARN_DIRECT_OBJC_ISA_USAGE = YES_ERROR;
				CLANG_WARN_DOCUMENTATION_COMMENTS = YES;
				CLANG_WARN_EMPTY_BODY = YES;
				CLANG_WARN_ENUM_CONVERSION = YES;
				CLANG_WARN_INFINITE_RECURSION = YES;
				CLANG_WARN_INT_CONVERSION = YES;
				CLANG_WARN_NON_LITERAL_NULL_CONVERSION = YES;
				CLANG_WARN_OBJC_IMPLICIT_RETAIN_SELF = YES;
				CLANG_WARN_OBJC_LITERAL_CONVERSION = YES;
				CLANG_WARN_OBJC_ROOT_CLASS = YES_ERROR;
				CLANG_WARN_RANGE_LOOP_ANALYSIS = YES;
				CLANG_WARN_STRICT_PROTOTYPES = YES;
				CLANG_WARN_SUSPICIOUS_MOVE = YES;
				CLANG_WARN_UNGUARDED_AVAILABILITY = YES_AGGRESSIVE;
				CLANG_WARN_UNREACHABLE_CODE = YES;
				CLANG_WARN__DUPLICATE_METHOD_MATCH = YES;
				COPY_PHASE_STRIP = NO;
				DEBUG_INFORMATION_FORMAT = "dwarf-with-dsym";
				ENABLE_NS_ASSERTIONS = NO;
				ENABLE_STRICT_OBJC_MSGSEND = YES;
				GCC_C_LANGUAGE_STANDARD = gnu11;
				GCC_NO_COMMON_BLOCKS = YES;
				GCC_WARN_64_TO_32_BIT_CONVERSION = YES;
				GCC_WARN_ABOUT_RETURN_TYPE = YES_ERROR;
				GCC_WARN_UNDECLARED_SELECTOR = YES;
				GCC_WARN_UNINITIALIZED_AUTOS = YES_AGGRESSIVE;
				GCC_WARN_UNUSED_FUNCTION = YES;
				GCC_WARN_UNUSED_VARIABLE = YES;
				IPHONEOS_DEPLOYMENT_TARGET = 13.5;
				MTL_ENABLE_DEBUG_INFO = NO;
				MTL_FAST_MATH = YES;
				SDKROOT = iphoneos;
				SWIFT_COMPILATION_MODE = wholemodule;
				SWIFT_OPTIMIZATION_LEVEL = "-O";
				VALIDATE_PRODUCT = YES;
			};
			name = Release;
		};
		635B95B624B05F6B00881153 /* Debug */ = {
			isa = XCBuildConfiguration;
			buildSettings = {
				ASSETCATALOG_COMPILER_APPICON_NAME = AppIcon;
				CODE_SIGN_STYLE = Automatic;
				DEVELOPMENT_ASSET_PATHS = "\"Pizza/Preview Content\"";
				DEVELOPMENT_TEAM = Q2ES7AM762;
				ENABLE_PREVIEWS = YES;
				INFOPLIST_FILE = Pizza/Info.plist;
				LD_RUNPATH_SEARCH_PATHS = (
					"$(inherited)",
					"@executable_path/Frameworks",
				);
				PRODUCT_BUNDLE_IDENTIFIER = com.didier.delhaisse.Pizza;
				PRODUCT_NAME = "$(TARGET_NAME)";
				SWIFT_VERSION = 5.0;
				TARGETED_DEVICE_FAMILY = "1,2";
			};
			name = Debug;
		};
		635B95B724B05F6B00881153 /* Release */ = {
			isa = XCBuildConfiguration;
			buildSettings = {
				ASSETCATALOG_COMPILER_APPICON_NAME = AppIcon;
				CODE_SIGN_STYLE = Automatic;
				DEVELOPMENT_ASSET_PATHS = "\"Pizza/Preview Content\"";
				DEVELOPMENT_TEAM = Q2ES7AM762;
				ENABLE_PREVIEWS = YES;
				INFOPLIST_FILE = Pizza/Info.plist;
				LD_RUNPATH_SEARCH_PATHS = (
					"$(inherited)",
					"@executable_path/Frameworks",
				);
				PRODUCT_BUNDLE_IDENTIFIER = com.didier.delhaisse.Pizza;
				PRODUCT_NAME = "$(TARGET_NAME)";
				SWIFT_VERSION = 5.0;
				TARGETED_DEVICE_FAMILY = "1,2";
			};
			name = Release;
		};
/* End XCBuildConfiguration section */

/* Begin XCConfigurationList section */
		635B959C24B05F6A00881153 /* Build configuration list for PBXProject "Pizza" */ = {
			isa = XCConfigurationList;
			buildConfigurations = (
				635B95B324B05F6B00881153 /* Debug */,
				635B95B424B05F6B00881153 /* Release */,
			);
			defaultConfigurationIsVisible = 0;
			defaultConfigurationName = Release;
		};
		635B95B524B05F6B00881153 /* Build configuration list for PBXNativeTarget "Pizza" */ = {
			isa = XCConfigurationList;
			buildConfigurations = (
				635B95B624B05F6B00881153 /* Debug */,
				635B95B724B05F6B00881153 /* Release */,
			);
			defaultConfigurationIsVisible = 0;
			defaultConfigurationName = Release;
		};
/* End XCConfigurationList section */
	};
	rootObject = 635B959924B05F6A00881153 /* Project object */;
}
